
Microsoft Visual Studio Solution File, Format Version 12.00
# Visual Studio Version 16
VisualStudioVersion = 16.0.29806.167
MinimumVisualStudioVersion = 10.0.40219.1
Project("{8BC9CEB8-8B4A-11D0-8D11-00A0C91BC942}") = "Kochina krivulja", "Kochina krivulja\Kochina krivulja.vcxproj", "{FB072304-C0AA-4C6A-9A83-94BD4722806B}"
EndProject
Global
	GlobalSection(SolutionConfigurationPlatforms) = preSolution
		Debug|x64 = Debug|x64
		Debug|x86 = Debug|x86
		Release|x64 = Release|x64
		Release|x86 = Release|x86
	EndGlobalSection
	GlobalSection(ProjectConfigurationPlatforms) = postSolution
		{FB072304-C0AA-4C6A-9A83-94BD4722806B}.Debug|x64.ActiveCfg = Debug|x64
		{FB072304-C0AA-4C6A-9A83-94BD4722806B}.Debug|x64.Build.0 = Debug|x64
		{FB072304-C0AA-4C6A-9A83-94BD4722806B}.Debug|x86.ActiveCfg = Debug|Win32
		{FB072304-C0AA-4C6A-9A83-94BD4722806B}.Debug|x86.Build.0 = Debug|Win32
		{FB072304-C0AA-4C6A-9A83-94BD4722806B}.Release|x64.ActiveCfg = Release|x64
		{FB072304-C0AA-4C6A-9A83-94BD4722806B}.Release|x64.Build.0 = Release|x64
		{FB072304-C0AA-4C6A-9A83-94BD4722806B}.Release|x86.ActiveCfg = Release|Win32
		{FB072304-C0AA-4C6A-9A83-94BD4722806B}.Release|x86.Build.0 = Release|Win32
	EndGlobalSection
	GlobalSection(SolutionProperties) = preSolution
		HideSolutionNode = FALSE
	EndGlobalSection
	GlobalSection(ExtensibilityGlobals) = postSolution
		SolutionGuid = {E45F0A81-8171-40C1-B8DA-4C50E5F53311}
	EndGlobalSection
EndGlobal
